// !$*UTF8*$!
{
	archiveVersion = 1;
	classes = {
	};
	objectVersion = 50;
	objects = {

/* Begin PBXBuildFile section */
		D4D264D123307CDE007DD181 /* AppDelegate.m in Sources */ = {isa = PBXBuildFile; fileRef = D4D264D023307CDE007DD181 /* AppDelegate.m */; };
		D4D264D423307CDE007DD181 /* ViewController.m in Sources */ = {isa = PBXBuildFile; fileRef = D4D264D323307CDE007DD181 /* ViewController.m */; };
		D4D264ED23307DE1007DD181 /* Assets.xcassets in Resources */ = {isa = PBXBuildFile; fileRef = D4D264E623307DE1007DD181 /* Assets.xcassets */; };
		D4D264F023307DE1007DD181 /* main.m in Sources */ = {isa = PBXBuildFile; fileRef = D4D264EB23307DE1007DD181 /* main.m */; };
		D4D2651A233081BD007DD181 /* NSObject+KeyValues.m in Sources */ = {isa = PBXBuildFile; fileRef = D4D264F6233081BD007DD181 /* NSObject+KeyValues.m */; };
		D4D2651B233081BD007DD181 /* NSObject+AddAttribute.m in Sources */ = {isa = PBXBuildFile; fileRef = D4D264F7233081BD007DD181 /* NSObject+AddAttribute.m */; };
		D4D2651C233081BD007DD181 /* Runtime_Sub_EighthVC.m in Sources */ = {isa = PBXBuildFile; fileRef = D4D264FC233081BD007DD181 /* Runtime_Sub_EighthVC.m */; };
		D4D2651D233081BD007DD181 /* Runtime_Sub_FourthVC.m in Sources */ = {isa = PBXBuildFile; fileRef = D4D264FD233081BD007DD181 /* Runtime_Sub_FourthVC.m */; };
		D4D2651E233081BD007DD181 /* Runtime_Sub_SecondVC.m in Sources */ = {isa = PBXBuildFile; fileRef = D4D26501233081BD007DD181 /* Runtime_Sub_SecondVC.m */; };
		D4D2651F233081BD007DD181 /* Runtime_Sub_BaseVC.m in Sources */ = {isa = PBXBuildFile; fileRef = D4D26503233081BD007DD181 /* Runtime_Sub_BaseVC.m */; };
		D4D26520233081BD007DD181 /* Runtime_Sub_SeventhVC.m in Sources */ = {isa = PBXBuildFile; fileRef = D4D26504233081BD007DD181 /* Runtime_Sub_SeventhVC.m */; };
		D4D26521233081BD007DD181 /* Runtime_Sub_SixthVC.m in Sources */ = {isa = PBXBuildFile; fileRef = D4D26505233081BD007DD181 /* Runtime_Sub_SixthVC.m */; };
		D4D26522233081BD007DD181 /* Runtime_Sub_FirstVC.m in Sources */ = {isa = PBXBuildFile; fileRef = D4D26508233081BD007DD181 /* Runtime_Sub_FirstVC.m */; };
		D4D26523233081BD007DD181 /* Runtime_Sub_FifthVC.m in Sources */ = {isa = PBXBuildFile; fileRef = D4D26509233081BD007DD181 /* Runtime_Sub_FifthVC.m */; };
		D4D26524233081BD007DD181 /* Runtime_Sub_ThirdVC.m in Sources */ = {isa = PBXBuildFile; fileRef = D4D2650B233081BD007DD181 /* Runtime_Sub_ThirdVC.m */; };
		D4D26525233081BD007DD181 /* Runtime_HomePageVC.m in Sources */ = {isa = PBXBuildFile; fileRef = D4D2650F233081BD007DD181 /* Runtime_HomePageVC.m */; };
		D4D26526233081BD007DD181 /* PersonModel.m in Sources */ = {isa = PBXBuildFile; fileRef = D4D26514233081BD007DD181 /* PersonModel.m */; };
		D4D26527233081BD007DD181 /* Library.m in Sources */ = {isa = PBXBuildFile; fileRef = D4D26515233081BD007DD181 /* Library.m */; };
		D4D26528233081BD007DD181 /* Coding.m in Sources */ = {isa = PBXBuildFile; fileRef = D4D26517233081BD007DD181 /* Coding.m */; };
		D4D2652C233081C4007DD181 /* CountButton.m in Sources */ = {isa = PBXBuildFile; fileRef = D4D2652A233081C4007DD181 /* CountButton.m */; };
		D4D265402330BBE1007DD181 /* Main.storyboard in Resources */ = {isa = PBXBuildFile; fileRef = D4D2653E2330BBE1007DD181 /* Main.storyboard */; };
/* End PBXBuildFile section */

/* Begin PBXFileReference section */
		D4D264CC23307CDE007DD181 /* Runtime_Test.app */ = {isa = PBXFileReference; explicitFileType = wrapper.application; includeInIndex = 0; path = Runtime_Test.app; sourceTree = BUILT_PRODUCTS_DIR; };
		D4D264CF23307CDE007DD181 /* AppDelegate.h */ = {isa = PBXFileReference; lastKnownFileType = sourcecode.c.h; path = AppDelegate.h; sourceTree = "<group>"; };
		D4D264D023307CDE007DD181 /* AppDelegate.m */ = {isa = PBXFileReference; lastKnownFileType = sourcecode.c.objc; path = AppDelegate.m; sourceTree = "<group>"; };
		D4D264D223307CDE007DD181 /* ViewController.h */ = {isa = PBXFileReference; lastKnownFileType = sourcecode.c.h; path = ViewController.h; sourceTree = "<group>"; };
		D4D264D323307CDE007DD181 /* ViewController.m */ = {isa = PBXFileReference; lastKnownFileType = sourcecode.c.objc; path = ViewController.m; sourceTree = "<group>"; };
		D4D264E623307DE1007DD181 /* Assets.xcassets */ = {isa = PBXFileReference; lastKnownFileType = folder.assetcatalog; path = Assets.xcassets; sourceTree = "<group>"; };
		D4D264EB23307DE1007DD181 /* main.m */ = {isa = PBXFileReference; fileEncoding = 4; lastKnownFileType = sourcecode.c.objc; path = main.m; sourceTree = "<group>"; };
		D4D264EC23307DE1007DD181 /* Info.plist */ = {isa = PBXFileReference; fileEncoding = 4; lastKnownFileType = text.plist.xml; path = Info.plist; sourceTree = "<group>"; };
		D4D264F6233081BD007DD181 /* NSObject+KeyValues.m */ = {isa = PBXFileReference; fileEncoding = 4; lastKnownFileType = sourcecode.c.objc; path = "NSObject+KeyValues.m"; sourceTree = "<group>"; };
		D4D264F7233081BD007DD181 /* NSObject+AddAttribute.m */ = {isa = PBXFileReference; fileEncoding = 4; lastKnownFileType = sourcecode.c.objc; path = "NSObject+AddAttribute.m"; sourceTree = "<group>"; };
		D4D264F8233081BD007DD181 /* NSObject+KeyValues.h */ = {isa = PBXFileReference; fileEncoding = 4; lastKnownFileType = sourcecode.c.h; path = "NSObject+KeyValues.h"; sourceTree = "<group>"; };
		D4D264F9233081BD007DD181 /* NSObject+AddAttribute.h */ = {isa = PBXFileReference; fileEncoding = 4; lastKnownFileType = sourcecode.c.h; path = "NSObject+AddAttribute.h"; sourceTree = "<group>"; };
		D4D264FC233081BD007DD181 /* Runtime_Sub_EighthVC.m */ = {isa = PBXFileReference; fileEncoding = 4; lastKnownFileType = sourcecode.c.objc; path = Runtime_Sub_EighthVC.m; sourceTree = "<group>"; };
		D4D264FD233081BD007DD181 /* Runtime_Sub_FourthVC.m */ = {isa = PBXFileReference; fileEncoding = 4; lastKnownFileType = sourcecode.c.objc; path = Runtime_Sub_FourthVC.m; sourceTree = "<group>"; };
		D4D264FE233081BD007DD181 /* Runtime_Sub_SixthVC.h */ = {isa = PBXFileReference; fileEncoding = 4; lastKnownFileType = sourcecode.c.h; path = Runtime_Sub_SixthVC.h; sourceTree = "<group>"; };
		D4D264FF233081BD007DD181 /* Runtime_Sub_ThirdVC.h */ = {isa = PBXFileReference; fileEncoding = 4; lastKnownFileType = sourcecode.c.h; path = Runtime_Sub_ThirdVC.h; sourceTree = "<group>"; };
		D4D26500233081BD007DD181 /* Runtime_Sub_FifthVC.h */ = {isa = PBXFileReference; fileEncoding = 4; lastKnownFileType = sourcecode.c.h; path = Runtime_Sub_FifthVC.h; sourceTree = "<group>"; };
		D4D26501233081BD007DD181 /* Runtime_Sub_SecondVC.m */ = {isa = PBXFileReference; fileEncoding = 4; lastKnownFileType = sourcecode.c.objc; path = Runtime_Sub_SecondVC.m; sourceTree = "<group>"; };
		D4D26502233081BD007DD181 /* Runtime_Sub_FirstVC.h */ = {isa = PBXFileReference; fileEncoding = 4; lastKnownFileType = sourcecode.c.h; path = Runtime_Sub_FirstVC.h; sourceTree = "<group>"; };
		D4D26503233081BD007DD181 /* Runtime_Sub_BaseVC.m */ = {isa = PBXFileReference; fileEncoding = 4; lastKnownFileType = sourcecode.c.objc; path = Runtime_Sub_BaseVC.m; sourceTree = "<group>"; };
		D4D26504233081BD007DD181 /* Runtime_Sub_SeventhVC.m */ = {isa = PBXFileReference; fileEncoding = 4; lastKnownFileType = sourcecode.c.objc; path = Runtime_Sub_SeventhVC.m; sourceTree = "<group>"; };
		D4D26505233081BD007DD181 /* Runtime_Sub_SixthVC.m */ = {isa = PBXFileReference; fileEncoding = 4; lastKnownFileType = sourcecode.c.objc; path = Runtime_Sub_SixthVC.m; sourceTree = "<group>"; };
		D4D26506233081BD007DD181 /* Runtime_Sub_FourthVC.h */ = {isa = PBXFileReference; fileEncoding = 4; lastKnownFileType = sourcecode.c.h; path = Runtime_Sub_FourthVC.h; sourceTree = "<group>"; };
		D4D26507233081BD007DD181 /* Runtime_Sub_EighthVC.h */ = {isa = PBXFileReference; fileEncoding = 4; lastKnownFileType = sourcecode.c.h; path = Runtime_Sub_EighthVC.h; sourceTree = "<group>"; };
		D4D26508233081BD007DD181 /* Runtime_Sub_FirstVC.m */ = {isa = PBXFileReference; fileEncoding = 4; lastKnownFileType = sourcecode.c.objc; path = Runtime_Sub_FirstVC.m; sourceTree = "<group>"; };
		D4D26509233081BD007DD181 /* Runtime_Sub_FifthVC.m */ = {isa = PBXFileReference; fileEncoding = 4; lastKnownFileType = sourcecode.c.objc; path = Runtime_Sub_FifthVC.m; sourceTree = "<group>"; };
		D4D2650A233081BD007DD181 /* Runtime_Sub_SecondVC.h */ = {isa = PBXFileReference; fileEncoding = 4; lastKnownFileType = sourcecode.c.h; path = Runtime_Sub_SecondVC.h; sourceTree = "<group>"; };
		D4D2650B233081BD007DD181 /* Runtime_Sub_ThirdVC.m */ = {isa = PBXFileReference; fileEncoding = 4; lastKnownFileType = sourcecode.c.objc; path = Runtime_Sub_ThirdVC.m; sourceTree = "<group>"; };
		D4D2650C233081BD007DD181 /* Runtime_Sub_SeventhVC.h */ = {isa = PBXFileReference; fileEncoding = 4; lastKnownFileType = sourcecode.c.h; path = Runtime_Sub_SeventhVC.h; sourceTree = "<group>"; };
		D4D2650D233081BD007DD181 /* Runtime_Sub_BaseVC.h */ = {isa = PBXFileReference; fileEncoding = 4; lastKnownFileType = sourcecode.c.h; path = Runtime_Sub_BaseVC.h; sourceTree = "<group>"; };
		D4D2650F233081BD007DD181 /* Runtime_HomePageVC.m */ = {isa = PBXFileReference; fileEncoding = 4; lastKnownFileType = sourcecode.c.objc; path = Runtime_HomePageVC.m; sourceTree = "<group>"; };
		D4D26510233081BD007DD181 /* Runtime_HomePageVC.h */ = {isa = PBXFileReference; fileEncoding = 4; lastKnownFileType = sourcecode.c.h; path = Runtime_HomePageVC.h; sourceTree = "<group>"; };
		D4D26512233081BD007DD181 /* Library.h */ = {isa = PBXFileReference; fileEncoding = 4; lastKnownFileType = sourcecode.c.h; path = Library.h; sourceTree = "<group>"; };
		D4D26513233081BD007DD181 /* Coding.h */ = {isa = PBXFileReference; fileEncoding = 4; lastKnownFileType = sourcecode.c.h; path = Coding.h; sourceTree = "<group>"; };
		D4D26514233081BD007DD181 /* PersonModel.m */ = {isa = PBXFileReference; fileEncoding = 4; lastKnownFileType = sourcecode.c.objc; path = PersonModel.m; sourceTree = "<group>"; };
		D4D26515233081BD007DD181 /* Library.m */ = {isa = PBXFileReference; fileEncoding = 4; lastKnownFileType = sourcecode.c.objc; path = Library.m; sourceTree = "<group>"; };
		D4D26516233081BD007DD181 /* PersonModel.h */ = {isa = PBXFileReference; fileEncoding = 4; lastKnownFileType = sourcecode.c.h; path = PersonModel.h; sourceTree = "<group>"; };
		D4D26517233081BD007DD181 /* Coding.m */ = {isa = PBXFileReference; fileEncoding = 4; lastKnownFileType = sourcecode.c.objc; path = Coding.m; sourceTree = "<group>"; };
		D4D2652A233081C4007DD181 /* CountButton.m */ = {isa = PBXFileReference; fileEncoding = 4; lastKnownFileType = sourcecode.c.objc; path = CountButton.m; sourceTree = "<group>"; };
		D4D2652B233081C4007DD181 /* CountButton.h */ = {isa = PBXFileReference; fileEncoding = 4; lastKnownFileType = sourcecode.c.h; path = CountButton.h; sourceTree = "<group>"; };
		D4D2652F23309182007DD181 /* PrefixHeader.pch */ = {isa = PBXFileReference; lastKnownFileType = sourcecode.c.h; path = PrefixHeader.pch; sourceTree = "<group>"; };
		D4D2653F2330BBE1007DD181 /* Base */ = {isa = PBXFileReference; lastKnownFileType = file.storyboard; name = Base; path = Base.lproj/Main.storyboard; sourceTree = "<group>"; };
/* End PBXFileReference section */

/* Begin PBXFrameworksBuildPhase section */
		D4D264C923307CDE007DD181 /* Frameworks */ = {
			isa = PBXFrameworksBuildPhase;
			buildActionMask = 2147483647;
			files = (
			);
			runOnlyForDeploymentPostprocessing = 0;
		};
/* End PBXFrameworksBuildPhase section */

/* Begin PBXGroup section */
		D4D264C323307CDE007DD181 = {
			isa = PBXGroup;
			children = (
				D4D264CE23307CDE007DD181 /* Runtime_Test */,
				D4D264CD23307CDE007DD181 /* Products */,
			);
			sourceTree = "<group>";
		};
		D4D264CD23307CDE007DD181 /* Products */ = {
			isa = PBXGroup;
			children = (
				D4D264CC23307CDE007DD181 /* Runtime_Test.app */,
			);
			name = Products;
			sourceTree = "<group>";
		};
		D4D264CE23307CDE007DD181 /* Runtime_Test */ = {
			isa = PBXGroup;
			children = (
				D4D2652E23309173007DD181 /* Gerneral */,
				D4D264F5233081BD007DD181 /* Category */,
				D4D26529233081C4007DD181 /* Views */,
				D4D26511233081BD007DD181 /* Model */,
				D4D264FA233081BD007DD181 /* Controllers */,
				D4D264CF23307CDE007DD181 /* AppDelegate.h */,
				D4D264D023307CDE007DD181 /* AppDelegate.m */,
				D4D264D223307CDE007DD181 /* ViewController.h */,
				D4D264D323307CDE007DD181 /* ViewController.m */,
				D4D264E523307DE1007DD181 /* Support Files */,
			);
			path = Runtime_Test;
			sourceTree = "<group>";
		};
		D4D264E523307DE1007DD181 /* Support Files */ = {
			isa = PBXGroup;
			children = (
				D4D2653E2330BBE1007DD181 /* Main.storyboard */,
				D4D264E623307DE1007DD181 /* Assets.xcassets */,
				D4D264EB23307DE1007DD181 /* main.m */,
				D4D264EC23307DE1007DD181 /* Info.plist */,
			);
			path = "Support Files";
			sourceTree = "<group>";
		};
		D4D264F5233081BD007DD181 /* Category */ = {
			isa = PBXGroup;
			children = (
				D4D264F9233081BD007DD181 /* NSObject+AddAttribute.h */,
				D4D264F7233081BD007DD181 /* NSObject+AddAttribute.m */,
				D4D264F8233081BD007DD181 /* NSObject+KeyValues.h */,
				D4D264F6233081BD007DD181 /* NSObject+KeyValues.m */,
			);
			path = Category;
			sourceTree = "<group>";
		};
		D4D264FA233081BD007DD181 /* Controllers */ = {
			isa = PBXGroup;
			children = (
				D4D264FB233081BD007DD181 /* SubControllers */,
				D4D2650E233081BD007DD181 /* Runtime_HomePage */,
			);
			path = Controllers;
			sourceTree = "<group>";
		};
		D4D264FB233081BD007DD181 /* SubControllers */ = {
			isa = PBXGroup;
			children = (
				D4D2650D233081BD007DD181 /* Runtime_Sub_BaseVC.h */,
				D4D26503233081BD007DD181 /* Runtime_Sub_BaseVC.m */,
				D4D26507233081BD007DD181 /* Runtime_Sub_EighthVC.h */,
				D4D264FC233081BD007DD181 /* Runtime_Sub_EighthVC.m */,
				D4D26500233081BD007DD181 /* Runtime_Sub_FifthVC.h */,
				D4D26509233081BD007DD181 /* Runtime_Sub_FifthVC.m */,
				D4D26502233081BD007DD181 /* Runtime_Sub_FirstVC.h */,
				D4D26508233081BD007DD181 /* Runtime_Sub_FirstVC.m */,
				D4D26506233081BD007DD181 /* Runtime_Sub_FourthVC.h */,
				D4D264FD233081BD007DD181 /* Runtime_Sub_FourthVC.m */,
				D4D2650A233081BD007DD181 /* Runtime_Sub_SecondVC.h */,
				D4D26501233081BD007DD181 /* Runtime_Sub_SecondVC.m */,
				D4D2650C233081BD007DD181 /* Runtime_Sub_SeventhVC.h */,
				D4D26504233081BD007DD181 /* Runtime_Sub_SeventhVC.m */,
				D4D264FE233081BD007DD181 /* Runtime_Sub_SixthVC.h */,
				D4D26505233081BD007DD181 /* Runtime_Sub_SixthVC.m */,
				D4D264FF233081BD007DD181 /* Runtime_Sub_ThirdVC.h */,
				D4D2650B233081BD007DD181 /* Runtime_Sub_ThirdVC.m */,
			);
			path = SubControllers;
			sourceTree = "<group>";
		};
		D4D2650E233081BD007DD181 /* Runtime_HomePage */ = {
			isa = PBXGroup;
			children = (
				D4D26510233081BD007DD181 /* Runtime_HomePageVC.h */,
				D4D2650F233081BD007DD181 /* Runtime_HomePageVC.m */,
			);
			path = Runtime_HomePage;
			sourceTree = "<group>";
		};
		D4D26511233081BD007DD181 /* Model */ = {
			isa = PBXGroup;
			children = (
				D4D26513233081BD007DD181 /* Coding.h */,
				D4D26517233081BD007DD181 /* Coding.m */,
				D4D26512233081BD007DD181 /* Library.h */,
				D4D26515233081BD007DD181 /* Library.m */,
				D4D26516233081BD007DD181 /* PersonModel.h */,
				D4D26514233081BD007DD181 /* PersonModel.m */,
			);
			path = Model;
			sourceTree = "<group>";
		};
		D4D26529233081C4007DD181 /* Views */ = {
			isa = PBXGroup;
			children = (
				D4D2652B233081C4007DD181 /* CountButton.h */,
				D4D2652A233081C4007DD181 /* CountButton.m */,
			);
			path = Views;
			sourceTree = "<group>";
		};
		D4D2652E23309173007DD181 /* Gerneral */ = {
			isa = PBXGroup;
			children = (
				D4D2652F23309182007DD181 /* PrefixHeader.pch */,
			);
			path = Gerneral;
			sourceTree = "<group>";
		};
/* End PBXGroup section */

/* Begin PBXNativeTarget section */
		D4D264CB23307CDE007DD181 /* Runtime_Test */ = {
			isa = PBXNativeTarget;
			buildConfigurationList = D4D264E223307CDF007DD181 /* Build configuration list for PBXNativeTarget "Runtime_Test" */;
			buildPhases = (
				D4D264C823307CDE007DD181 /* Sources */,
				D4D264C923307CDE007DD181 /* Frameworks */,
				D4D264CA23307CDE007DD181 /* Resources */,
			);
			buildRules = (
			);
			dependencies = (
			);
			name = Runtime_Test;
			productName = Runtime_Test;
			productReference = D4D264CC23307CDE007DD181 /* Runtime_Test.app */;
			productType = "com.apple.product-type.application";
		};
/* End PBXNativeTarget section */

/* Begin PBXProject section */
		D4D264C423307CDE007DD181 /* Project object */ = {
			isa = PBXProject;
			attributes = {
				LastUpgradeCheck = 1030;
				ORGANIZATIONNAME = cz10000;
				TargetAttributes = {
					D4D264CB23307CDE007DD181 = {
						CreatedOnToolsVersion = 10.3;
					};
				};
			};
			buildConfigurationList = D4D264C723307CDE007DD181 /* Build configuration list for PBXProject "Runtime_Test" */;
			compatibilityVersion = "Xcode 9.3";
			developmentRegion = en;
			hasScannedForEncodings = 0;
			knownRegions = (
				en,
				Base,
			);
			mainGroup = D4D264C323307CDE007DD181;
			productRefGroup = D4D264CD23307CDE007DD181 /* Products */;
			projectDirPath = "";
			projectRoot = "";
			targets = (
				D4D264CB23307CDE007DD181 /* Runtime_Test */,
			);
		};
/* End PBXProject section */

/* Begin PBXResourcesBuildPhase section */
		D4D264CA23307CDE007DD181 /* Resources */ = {
			isa = PBXResourcesBuildPhase;
			buildActionMask = 2147483647;
			files = (
				D4D264ED23307DE1007DD181 /* Assets.xcassets in Resources */,
				D4D265402330BBE1007DD181 /* Main.storyboard in Resources */,
			);
			runOnlyForDeploymentPostprocessing = 0;
		};
/* End PBXResourcesBuildPhase section */

/* Begin PBXSourcesBuildPhase section */
		D4D264C823307CDE007DD181 /* Sources */ = {
			isa = PBXSourcesBuildPhase;
			buildActionMask = 2147483647;
			files = (
				D4D26526233081BD007DD181 /* PersonModel.m in Sources */,
				D4D26520233081BD007DD181 /* Runtime_Sub_SeventhVC.m in Sources */,
				D4D26525233081BD007DD181 /* Runtime_HomePageVC.m in Sources */,
				D4D264D423307CDE007DD181 /* ViewController.m in Sources */,
				D4D2651F233081BD007DD181 /* Runtime_Sub_BaseVC.m in Sources */,
				D4D2651C233081BD007DD181 /* Runtime_Sub_EighthVC.m in Sources */,
				D4D2651E233081BD007DD181 /* Runtime_Sub_SecondVC.m in Sources */,
				D4D264F023307DE1007DD181 /* main.m in Sources */,
				D4D264D123307CDE007DD181 /* AppDelegate.m in Sources */,
				D4D26528233081BD007DD181 /* Coding.m in Sources */,
				D4D2651D233081BD007DD181 /* Runtime_Sub_FourthVC.m in Sources */,
				D4D26521233081BD007DD181 /* Runtime_Sub_SixthVC.m in Sources */,
				D4D26522233081BD007DD181 /* Runtime_Sub_FirstVC.m in Sources */,
				D4D2652C233081C4007DD181 /* CountButton.m in Sources */,
				D4D2651A233081BD007DD181 /* NSObject+KeyValues.m in Sources */,
				D4D2651B233081BD007DD181 /* NSObject+AddAttribute.m in Sources */,
				D4D26524233081BD007DD181 /* Runtime_Sub_ThirdVC.m in Sources */,
				D4D26523233081BD007DD181 /* Runtime_Sub_FifthVC.m in Sources */,
				D4D26527233081BD007DD181 /* Library.m in Sources */,
			);
			runOnlyForDeploymentPostprocessing = 0;
		};
/* End PBXSourcesBuildPhase section */

/* Begin PBXVariantGroup section */
		D4D2653E2330BBE1007DD181 /* Main.storyboard */ = {
			isa = PBXVariantGroup;
			children = (
				D4D2653F2330BBE1007DD181 /* Base */,
			);
			name = Main.storyboard;
			sourceTree = "<group>";
		};
/* End PBXVariantGroup section */

/* Begin XCBuildConfiguration section */
		D4D264E023307CDF007DD181 /* Debug */ = {
			isa = XCBuildConfiguration;
			buildSettings = {
				ALWAYS_SEARCH_USER_PATHS = NO;
				CLANG_ANALYZER_NONNULL = YES;
				CLANG_ANALYZER_NUMBER_OBJECT_CONVERSION = YES_AGGRESSIVE;
				CLANG_CXX_LANGUAGE_STANDARD = "gnu++14";
				CLANG_CXX_LIBRARY = "libc++";
				CLANG_ENABLE_MODULES = YES;
				CLANG_ENABLE_OBJC_ARC = YES;
				CLANG_ENABLE_OBJC_WEAK = YES;
				CLANG_WARN_BLOCK_CAPTURE_AUTORELEASING = YES;
				CLANG_WARN_BOOL_CONVERSION = YES;
				CLANG_WARN_COMMA = YES;
				CLANG_WARN_CONSTANT_CONVERSION = YES;
				CLANG_WARN_DEPRECATED_OBJC_IMPLEMENTATIONS = YES;
				CLANG_WARN_DIRECT_OBJC_ISA_USAGE = YES_ERROR;
				CLANG_WARN_DOCUMENTATION_COMMENTS = YES;
				CLANG_WARN_EMPTY_BODY = YES;
				CLANG_WARN_ENUM_CONVERSION = YES;
				CLANG_WARN_INFINITE_RECURSION = YES;
				CLANG_WARN_INT_CONVERSION = YES;
				CLANG_WARN_NON_LITERAL_NULL_CONVERSION = YES;
				CLANG_WARN_OBJC_IMPLICIT_RETAIN_SELF = YES;
				CLANG_WARN_OBJC_LITERAL_CONVERSION = YES;
				CLANG_WARN_OBJC_ROOT_CLASS = YES_ERROR;
				CLANG_WARN_RANGE_LOOP_ANALYSIS = YES;
				CLANG_WARN_STRICT_PROTOTYPES = YES;
				CLANG_WARN_SUSPICIOUS_MOVE = YES;
				CLANG_WARN_UNGUARDED_AVAILABILITY = YES_AGGRESSIVE;
				CLANG_WARN_UNREACHABLE_CODE = YES;
				CLANG_WARN__DUPLICATE_METHOD_MATCH = YES;
				CODE_SIGN_IDENTITY = "iPhone Developer";
				COPY_PHASE_STRIP = NO;
				DEBUG_INFORMATION_FORMAT = dwarf;
				ENABLE_STRICT_OBJC_MSGSEND = YES;
				ENABLE_TESTABILITY = YES;
				GCC_C_LANGUAGE_STANDARD = gnu11;
				GCC_DYNAMIC_NO_PIC = NO;
				GCC_NO_COMMON_BLOCKS = YES;
				GCC_OPTIMIZATION_LEVEL = 0;
				GCC_PREPROCESSOR_DEFINITIONS = (
					"DEBUG=1",
					"$(inherited)",
				);
				GCC_WARN_64_TO_32_BIT_CONVERSION = YES;
				GCC_WARN_ABOUT_RETURN_TYPE = YES_ERROR;
				GCC_WARN_UNDECLARED_SELECTOR = YES;
				GCC_WARN_UNINITIALIZED_AUTOS = YES_AGGRESSIVE;
				GCC_WARN_UNUSED_FUNCTION = YES;
				GCC_WARN_UNUSED_VARIABLE = YES;
				IPHONEOS_DEPLOYMENT_TARGET = 12.4;
				MTL_ENABLE_DEBUG_INFO = INCLUDE_SOURCE;
				MTL_FAST_MATH = YES;
				ONLY_ACTIVE_ARCH = YES;
				SDKROOT = iphoneos;
			};
			name = Debug;
		};
		D4D264E123307CDF007DD181 /* Release */ = {
			isa = XCBuildConfiguration;
			buildSettings = {
				ALWAYS_SEARCH_USER_PATHS = NO;
				CLANG_ANALYZER_NONNULL = YES;
				CLANG_ANALYZER_NUMBER_OBJECT_CONVERSION = YES_AGGRESSIVE;
				CLANG_CXX_LANGUAGE_STANDARD = "gnu++14";
				CLANG_CXX_LIBRARY = "libc++";
				CLANG_ENABLE_MODULES = YES;
				CLANG_ENABLE_OBJC_ARC = YES;
				CLANG_ENABLE_OBJC_WEAK = YES;
				CLANG_WARN_BLOCK_CAPTURE_AUTORELEASING = YES;
				CLANG_WARN_BOOL_CONVERSION = YES;
				CLANG_WARN_COMMA = YES;
				CLANG_WARN_CONSTANT_CONVERSION = YES;
				CLANG_WARN_DEPRECATED_OBJC_IMPLEMENTATIONS = YES;
				CLANG_WARN_DIRECT_OBJC_ISA_USAGE = YES_ERROR;
				CLANG_WARN_DOCUMENTATION_COMMENTS = YES;
				CLANG_WARN_EMPTY_BODY = YES;
				CLANG_WARN_ENUM_CONVERSION = YES;
				CLANG_WARN_INFINITE_RECURSION = YES;
				CLANG_WARN_INT_CONVERSION = YES;
				CLANG_WARN_NON_LITERAL_NULL_CONVERSION = YES;
				CLANG_WARN_OBJC_IMPLICIT_RETAIN_SELF = YES;
				CLANG_WARN_OBJC_LITERAL_CONVERSION = YES;
				CLANG_WARN_OBJC_ROOT_CLASS = YES_ERROR;
				CLANG_WARN_RANGE_LOOP_ANALYSIS = YES;
				CLANG_WARN_STRICT_PROTOTYPES = YES;
				CLANG_WARN_SUSPICIOUS_MOVE = YES;
				CLANG_WARN_UNGUARDED_AVAILABILITY = YES_AGGRESSIVE;
				CLANG_WARN_UNREACHABLE_CODE = YES;
				CLANG_WARN__DUPLICATE_METHOD_MATCH = YES;
				CODE_SIGN_IDENTITY = "iPhone Developer";
				COPY_PHASE_STRIP = NO;
				DEBUG_INFORMATION_FORMAT = "dwarf-with-dsym";
				ENABLE_NS_ASSERTIONS = NO;
				ENABLE_STRICT_OBJC_MSGSEND = YES;
				GCC_C_LANGUAGE_STANDARD = gnu11;
				GCC_NO_COMMON_BLOCKS = YES;
				GCC_WARN_64_TO_32_BIT_CONVERSION = YES;
				GCC_WARN_ABOUT_RETURN_TYPE = YES_ERROR;
				GCC_WARN_UNDECLARED_SELECTOR = YES;
				GCC_WARN_UNINITIALIZED_AUTOS = YES_AGGRESSIVE;
				GCC_WARN_UNUSED_FUNCTION = YES;
				GCC_WARN_UNUSED_VARIABLE = YES;
				IPHONEOS_DEPLOYMENT_TARGET = 12.4;
				MTL_ENABLE_DEBUG_INFO = NO;
				MTL_FAST_MATH = YES;
				SDKROOT = iphoneos;
				VALIDATE_PRODUCT = YES;
			};
			name = Release;
		};
		D4D264E323307CDF007DD181 /* Debug */ = {
			isa = XCBuildConfiguration;
			buildSettings = {
				ASSETCATALOG_COMPILER_APPICON_NAME = AppIcon;
				CODE_SIGN_STYLE = Automatic;
				DEVELOPMENT_TEAM = QZD3CZMH49;
				GCC_PRECOMPILE_PREFIX_HEADER = YES;
				GCC_PREFIX_HEADER = "$(SRCROOT)/Runtime_Test/Gerneral/PrefixHeader.pch";
				INFOPLIST_FILE = "$(SRCROOT)/Runtime_Test/Support Files/Info.plist";
				IPHONEOS_DEPLOYMENT_TARGET = 9.0;
				LD_RUNPATH_SEARCH_PATHS = (
					"$(inherited)",
					"@executable_path/Frameworks",
				);
				PRODUCT_BUNDLE_IDENTIFIER = "cube.Runtime-Test";
				PRODUCT_NAME = "$(TARGET_NAME)";
				TARGETED_DEVICE_FAMILY = "1,2";
			};
			name = Debug;
		};
		D4D264E423307CDF007DD181 /* Release */ = {
			isa = XCBuildConfiguration;
			buildSettings = {
				ASSETCATALOG_COMPILER_APPICON_NAME = AppIcon;
				CODE_SIGN_STYLE = Automatic;
				DEVELOPMENT_TEAM = QZD3CZMH49;
				GCC_PRECOMPILE_PREFIX_HEADER = YES;
				GCC_PREFIX_HEADER = "$(SRCROOT)/Runtime_Test/Gerneral/PrefixHeader.pch";
				INFOPLIST_FILE = "$(SRCROOT)/Runtime_Test/Support Files/Info.plist";
				IPHONEOS_DEPLOYMENT_TARGET = 9.0;
				LD_RUNPATH_SEARCH_PATHS = (
					"$(inherited)",
					"@executable_path/Frameworks",
				);
				PRODUCT_BUNDLE_IDENTIFIER = "cube.Runtime-Test";
				PRODUCT_NAME = "$(TARGET_NAME)";
				TARGETED_DEVICE_FAMILY = "1,2";
			};
			name = Release;
		};
/* End XCBuildConfiguration section */

/* Begin XCConfigurationList section */
		D4D264C723307CDE007DD181 /* Build configuration list for PBXProject "Runtime_Test" */ = {
			isa = XCConfigurationList;
			buildConfigurations = (
				D4D264E023307CDF007DD181 /* Debug */,
				D4D264E123307CDF007DD181 /* Release */,
			);
			defaultConfigurationIsVisible = 0;
			defaultConfigurationName = Release;
		};
		D4D264E223307CDF007DD181 /* Build configuration list for PBXNativeTarget "Runtime_Test" */ = {
			isa = XCConfigurationList;
			buildConfigurations = (
				D4D264E323307CDF007DD181 /* Debug */,
				D4D264E423307CDF007DD181 /* Release */,
			);
			defaultConfigurationIsVisible = 0;
			defaultConfigurationName = Release;
		};
/* End XCConfigurationList section */
	};
	rootObject = D4D264C423307CDE007DD181 /* Project object */;
}
